// !$*UTF8*$!
{
	archiveVersion = 1;
	classes = {
	};
	objectVersion = 50;
	objects = {

/* Begin PBXBuildFile section */
		DA6662D4213D189F000BAEB2 /* AppDelegate.swift in Sources */ = {isa = PBXBuildFile; fileRef = DA6662D3213D189F000BAEB2 /* AppDelegate.swift */; };
		DA6662D9213D189F000BAEB2 /* Main.storyboard in Resources */ = {isa = PBXBuildFile; fileRef = DA6662D7213D189F000BAEB2 /* Main.storyboard */; };
		DA6662DB213D18A0000BAEB2 /* Assets.xcassets in Resources */ = {isa = PBXBuildFile; fileRef = DA6662DA213D18A0000BAEB2 /* Assets.xcassets */; };
		DA6662DE213D18A0000BAEB2 /* LaunchScreen.storyboard in Resources */ = {isa = PBXBuildFile; fileRef = DA6662DC213D18A0000BAEB2 /* LaunchScreen.storyboard */; };
		DA6662E9213D18A0000BAEB2 /* fix_demo_03Tests.swift in Sources */ = {isa = PBXBuildFile; fileRef = DA6662E8213D18A0000BAEB2 /* fix_demo_03Tests.swift */; };
		DA6662F4213D18A0000BAEB2 /* fix_demo_03UITests.swift in Sources */ = {isa = PBXBuildFile; fileRef = DA6662F3213D18A0000BAEB2 /* fix_demo_03UITests.swift */; };
		DA666302213D1A25000BAEB2 /* NowPlayingViewController.swift in Sources */ = {isa = PBXBuildFile; fileRef = DA666301213D1A25000BAEB2 /* NowPlayingViewController.swift */; };
		DA666304213DCBEE000BAEB2 /* MovieCell.swift in Sources */ = {isa = PBXBuildFile; fileRef = DA666303213DCBEE000BAEB2 /* MovieCell.swift */; };
/* End PBXBuildFile section */

/* Begin PBXContainerItemProxy section */
		DA6662E5213D18A0000BAEB2 /* PBXContainerItemProxy */ = {
			isa = PBXContainerItemProxy;
			containerPortal = DA6662C8213D189F000BAEB2 /* Project object */;
			proxyType = 1;
			remoteGlobalIDString = DA6662CF213D189F000BAEB2;
			remoteInfo = fix_demo_03;
		};
		DA6662F0213D18A0000BAEB2 /* PBXContainerItemProxy */ = {
			isa = PBXContainerItemProxy;
			containerPortal = DA6662C8213D189F000BAEB2 /* Project object */;
			proxyType = 1;
			remoteGlobalIDString = DA6662CF213D189F000BAEB2;
			remoteInfo = fix_demo_03;
		};
/* End PBXContainerItemProxy section */

/* Begin PBXFileReference section */
		DA6662D0213D189F000BAEB2 /* fix_demo_03.app */ = {isa = PBXFileReference; explicitFileType = wrapper.application; includeInIndex = 0; path = fix_demo_03.app; sourceTree = BUILT_PRODUCTS_DIR; };
		DA6662D3213D189F000BAEB2 /* AppDelegate.swift */ = {isa = PBXFileReference; lastKnownFileType = sourcecode.swift; path = AppDelegate.swift; sourceTree = "<group>"; };
		DA6662D8213D189F000BAEB2 /* Base */ = {isa = PBXFileReference; lastKnownFileType = file.storyboard; name = Base; path = Base.lproj/Main.storyboard; sourceTree = "<group>"; };
		DA6662DA213D18A0000BAEB2 /* Assets.xcassets */ = {isa = PBXFileReference; lastKnownFileType = folder.assetcatalog; path = Assets.xcassets; sourceTree = "<group>"; };
		DA6662DD213D18A0000BAEB2 /* Base */ = {isa = PBXFileReference; lastKnownFileType = file.storyboard; name = Base; path = Base.lproj/LaunchScreen.storyboard; sourceTree = "<group>"; };
		DA6662DF213D18A0000BAEB2 /* Info.plist */ = {isa = PBXFileReference; lastKnownFileType = text.plist.xml; path = Info.plist; sourceTree = "<group>"; };
		DA6662E4213D18A0000BAEB2 /* fix_demo_03Tests.xctest */ = {isa = PBXFileReference; explicitFileType = wrapper.cfbundle; includeInIndex = 0; path = fix_demo_03Tests.xctest; sourceTree = BUILT_PRODUCTS_DIR; };
		DA6662E8213D18A0000BAEB2 /* fix_demo_03Tests.swift */ = {isa = PBXFileReference; lastKnownFileType = sourcecode.swift; path = fix_demo_03Tests.swift; sourceTree = "<group>"; };
		DA6662EA213D18A0000BAEB2 /* Info.plist */ = {isa = PBXFileReference; lastKnownFileType = text.plist.xml; path = Info.plist; sourceTree = "<group>"; };
		DA6662EF213D18A0000BAEB2 /* fix_demo_03UITests.xctest */ = {isa = PBXFileReference; explicitFileType = wrapper.cfbundle; includeInIndex = 0; path = fix_demo_03UITests.xctest; sourceTree = BUILT_PRODUCTS_DIR; };
		DA6662F3213D18A0000BAEB2 /* fix_demo_03UITests.swift */ = {isa = PBXFileReference; lastKnownFileType = sourcecode.swift; path = fix_demo_03UITests.swift; sourceTree = "<group>"; };
		DA6662F5213D18A0000BAEB2 /* Info.plist */ = {isa = PBXFileReference; lastKnownFileType = text.plist.xml; path = Info.plist; sourceTree = "<group>"; };
		DA666301213D1A25000BAEB2 /* NowPlayingViewController.swift */ = {isa = PBXFileReference; lastKnownFileType = sourcecode.swift; path = NowPlayingViewController.swift; sourceTree = "<group>"; };
		DA666303213DCBEE000BAEB2 /* MovieCell.swift */ = {isa = PBXFileReference; lastKnownFileType = sourcecode.swift; path = MovieCell.swift; sourceTree = "<group>"; };
/* End PBXFileReference section */

/* Begin PBXFrameworksBuildPhase section */
		DA6662CD213D189F000BAEB2 /* Frameworks */ = {
			isa = PBXFrameworksBuildPhase;
			buildActionMask = 2147483647;
			files = (
			);
			runOnlyForDeploymentPostprocessing = 0;
		};
		DA6662E1213D18A0000BAEB2 /* Frameworks */ = {
			isa = PBXFrameworksBuildPhase;
			buildActionMask = 2147483647;
			files = (
			);
			runOnlyForDeploymentPostprocessing = 0;
		};
		DA6662EC213D18A0000BAEB2 /* Frameworks */ = {
			isa = PBXFrameworksBuildPhase;
			buildActionMask = 2147483647;
			files = (
			);
			runOnlyForDeploymentPostprocessing = 0;
		};
/* End PBXFrameworksBuildPhase section */

/* Begin PBXGroup section */
		DA6662C7213D189F000BAEB2 = {
			isa = PBXGroup;
			children = (
				DA6662D2213D189F000BAEB2 /* fix_demo_03 */,
				DA6662E7213D18A0000BAEB2 /* fix_demo_03Tests */,
				DA6662F2213D18A0000BAEB2 /* fix_demo_03UITests */,
				DA6662D1213D189F000BAEB2 /* Products */,
			);
			sourceTree = "<group>";
		};
		DA6662D1213D189F000BAEB2 /* Products */ = {
			isa = PBXGroup;
			children = (
				DA6662D0213D189F000BAEB2 /* fix_demo_03.app */,
				DA6662E4213D18A0000BAEB2 /* fix_demo_03Tests.xctest */,
				DA6662EF213D18A0000BAEB2 /* fix_demo_03UITests.xctest */,
			);
			name = Products;
			sourceTree = "<group>";
		};
		DA6662D2213D189F000BAEB2 /* fix_demo_03 */ = {
			isa = PBXGroup;
			children = (
				DA6662D3213D189F000BAEB2 /* AppDelegate.swift */,
				DA666301213D1A25000BAEB2 /* NowPlayingViewController.swift */,
				DA6662D7213D189F000BAEB2 /* Main.storyboard */,
				DA6662DA213D18A0000BAEB2 /* Assets.xcassets */,
				DA6662DC213D18A0000BAEB2 /* LaunchScreen.storyboard */,
				DA6662DF213D18A0000BAEB2 /* Info.plist */,
				DA666303213DCBEE000BAEB2 /* MovieCell.swift */,
			);
			path = fix_demo_03;
			sourceTree = "<group>";
		};
		DA6662E7213D18A0000BAEB2 /* fix_demo_03Tests */ = {
			isa = PBXGroup;
			children = (
				DA6662E8213D18A0000BAEB2 /* fix_demo_03Tests.swift */,
				DA6662EA213D18A0000BAEB2 /* Info.plist */,
			);
			path = fix_demo_03Tests;
			sourceTree = "<group>";
		};
		DA6662F2213D18A0000BAEB2 /* fix_demo_03UITests */ = {
			isa = PBXGroup;
			children = (
				DA6662F3213D18A0000BAEB2 /* fix_demo_03UITests.swift */,
				DA6662F5213D18A0000BAEB2 /* Info.plist */,
			);
			path = fix_demo_03UITests;
			sourceTree = "<group>";
		};
/* End PBXGroup section */

/* Begin PBXNativeTarget section */
		DA6662CF213D189F000BAEB2 /* fix_demo_03 */ = {
			isa = PBXNativeTarget;
			buildConfigurationList = DA6662F8213D18A0000BAEB2 /* Build configuration list for PBXNativeTarget "fix_demo_03" */;
			buildPhases = (
				DA6662CC213D189F000BAEB2 /* Sources */,
				DA6662CD213D189F000BAEB2 /* Frameworks */,
				DA6662CE213D189F000BAEB2 /* Resources */,
			);
			buildRules = (
			);
			dependencies = (
			);
			name = fix_demo_03;
			productName = fix_demo_03;
			productReference = DA6662D0213D189F000BAEB2 /* fix_demo_03.app */;
			productType = "com.apple.product-type.application";
		};
		DA6662E3213D18A0000BAEB2 /* fix_demo_03Tests */ = {
			isa = PBXNativeTarget;
			buildConfigurationList = DA6662FB213D18A0000BAEB2 /* Build configuration list for PBXNativeTarget "fix_demo_03Tests" */;
			buildPhases = (
				DA6662E0213D18A0000BAEB2 /* Sources */,
				DA6662E1213D18A0000BAEB2 /* Frameworks */,
				DA6662E2213D18A0000BAEB2 /* Resources */,
			);
			buildRules = (
			);
			dependencies = (
				DA6662E6213D18A0000BAEB2 /* PBXTargetDependency */,
			);
			name = fix_demo_03Tests;
			productName = fix_demo_03Tests;
			productReference = DA6662E4213D18A0000BAEB2 /* fix_demo_03Tests.xctest */;
			productType = "com.apple.product-type.bundle.unit-test";
		};
		DA6662EE213D18A0000BAEB2 /* fix_demo_03UITests */ = {
			isa = PBXNativeTarget;
			buildConfigurationList = DA6662FE213D18A0000BAEB2 /* Build configuration list for PBXNativeTarget "fix_demo_03UITests" */;
			buildPhases = (
				DA6662EB213D18A0000BAEB2 /* Sources */,
				DA6662EC213D18A0000BAEB2 /* Frameworks */,
				DA6662ED213D18A0000BAEB2 /* Resources */,
			);
			buildRules = (
			);
			dependencies = (
				DA6662F1213D18A0000BAEB2 /* PBXTargetDependency */,
			);
			name = fix_demo_03UITests;
			productName = fix_demo_03UITests;
			productReference = DA6662EF213D18A0000BAEB2 /* fix_demo_03UITests.xctest */;
			productType = "com.apple.product-type.bundle.ui-testing";
		};
/* End PBXNativeTarget section */

/* Begin PBXProject section */
		DA6662C8213D189F000BAEB2 /* Project object */ = {
			isa = PBXProject;
			attributes = {
				LastSwiftUpdateCheck = 0940;
				LastUpgradeCheck = 0940;
				ORGANIZATIONNAME = "PoHung Wang";
				TargetAttributes = {
					DA6662CF213D189F000BAEB2 = {
						CreatedOnToolsVersion = 9.4.1;
					};
					DA6662E3213D18A0000BAEB2 = {
						CreatedOnToolsVersion = 9.4.1;
						TestTargetID = DA6662CF213D189F000BAEB2;
					};
					DA6662EE213D18A0000BAEB2 = {
						CreatedOnToolsVersion = 9.4.1;
						TestTargetID = DA6662CF213D189F000BAEB2;
					};
				};
			};
			buildConfigurationList = DA6662CB213D189F000BAEB2 /* Build configuration list for PBXProject "fix_demo_03" */;
			compatibilityVersion = "Xcode 9.3";
			developmentRegion = en;
			hasScannedForEncodings = 0;
			knownRegions = (
				en,
				Base,
			);
			mainGroup = DA6662C7213D189F000BAEB2;
			productRefGroup = DA6662D1213D189F000BAEB2 /* Products */;
			projectDirPath = "";
			projectRoot = "";
			targets = (
				DA6662CF213D189F000BAEB2 /* fix_demo_03 */,
				DA6662E3213D18A0000BAEB2 /* fix_demo_03Tests */,
				DA6662EE213D18A0000BAEB2 /* fix_demo_03UITests */,
			);
		};
/* End PBXProject section */

/* Begin PBXResourcesBuildPhase section */
		DA6662CE213D189F000BAEB2 /* Resources */ = {
			isa = PBXResourcesBuildPhase;
			buildActionMask = 2147483647;
			files = (
				DA6662DE213D18A0000BAEB2 /* LaunchScreen.storyboard in Resources */,
				DA6662DB213D18A0000BAEB2 /* Assets.xcassets in Resources */,
				DA6662D9213D189F000BAEB2 /* Main.storyboard in Resources */,
			);
			runOnlyForDeploymentPostprocessing = 0;
		};
		DA6662E2213D18A0000BAEB2 /* Resources */ = {
			isa = PBXResourcesBuildPhase;
			buildActionMask = 2147483647;
			files = (
			);
			runOnlyForDeploymentPostprocessing = 0;
		};
		DA6662ED213D18A0000BAEB2 /* Resources */ = {
			isa = PBXResourcesBuildPhase;
			buildActionMask = 2147483647;
			files = (
			);
			runOnlyForDeploymentPostprocessing = 0;
		};
/* End PBXResourcesBuildPhase section */

/* Begin PBXSourcesBuildPhase section */
		DA6662CC213D189F000BAEB2 /* Sources */ = {
			isa = PBXSourcesBuildPhase;
			buildActionMask = 2147483647;
			files = (
				DA666302213D1A25000BAEB2 /* NowPlayingViewController.swift in Sources */,
				DA6662D4213D189F000BAEB2 /* AppDelegate.swift in Sources */,
				DA666304213DCBEE000BAEB2 /* MovieCell.swift in Sources */,
			);
			runOnlyForDeploymentPostprocessing = 0;
		};
		DA6662E0213D18A0000BAEB2 /* Sources */ = {
			isa = PBXSourcesBuildPhase;
			buildActionMask = 2147483647;
			files = (
				DA6662E9213D18A0000BAEB2 /* fix_demo_03Tests.swift in Sources */,
			);
			runOnlyForDeploymentPostprocessing = 0;
		};
		DA6662EB213D18A0000BAEB2 /* Sources */ = {
			isa = PBXSourcesBuildPhase;
			buildActionMask = 2147483647;
			files = (
				DA6662F4213D18A0000BAEB2 /* fix_demo_03UITests.swift in Sources */,
			);
			runOnlyForDeploymentPostprocessing = 0;
		};
/* End PBXSourcesBuildPhase section */

/* Begin PBXTargetDependency section */
		DA6662E6213D18A0000BAEB2 /* PBXTargetDependency */ = {
			isa = PBXTargetDependency;
			target = DA6662CF213D189F000BAEB2 /* fix_demo_03 */;
			targetProxy = DA6662E5213D18A0000BAEB2 /* PBXContainerItemProxy */;
		};
		DA6662F1213D18A0000BAEB2 /* PBXTargetDependency */ = {
			isa = PBXTargetDependency;
			target = DA6662CF213D189F000BAEB2 /* fix_demo_03 */;
			targetProxy = DA6662F0213D18A0000BAEB2 /* PBXContainerItemProxy */;
		};
/* End PBXTargetDependency section */

/* Begin PBXVariantGroup section */
		DA6662D7213D189F000BAEB2 /* Main.storyboard */ = {
			isa = PBXVariantGroup;
			children = (
				DA6662D8213D189F000BAEB2 /* Base */,
			);
			name = Main.storyboard;
			sourceTree = "<group>";
		};
		DA6662DC213D18A0000BAEB2 /* LaunchScreen.storyboard */ = {
			isa = PBXVariantGroup;
			children = (
				DA6662DD213D18A0000BAEB2 /* Base */,
			);
			name = LaunchScreen.storyboard;
			sourceTree = "<group>";
		};
/* End PBXVariantGroup section */

/* Begin XCBuildConfiguration section */
		DA6662F6213D18A0000BAEB2 /* Debug */ = {
			isa = XCBuildConfiguration;
			buildSettings = {
				ALWAYS_SEARCH_USER_PATHS = NO;
				CLANG_ANALYZER_NONNULL = YES;
				CLANG_ANALYZER_NUMBER_OBJECT_CONVERSION = YES_AGGRESSIVE;
				CLANG_CXX_LANGUAGE_STANDARD = "gnu++14";
				CLANG_CXX_LIBRARY = "libc++";
				CLANG_ENABLE_MODULES = YES;
				CLANG_ENABLE_OBJC_ARC = YES;
				CLANG_ENABLE_OBJC_WEAK = YES;
				CLANG_WARN_BLOCK_CAPTURE_AUTORELEASING = YES;
				CLANG_WARN_BOOL_CONVERSION = YES;
				CLANG_WARN_COMMA = YES;
				CLANG_WARN_CONSTANT_CONVERSION = YES;
				CLANG_WARN_DEPRECATED_OBJC_IMPLEMENTATIONS = YES;
				CLANG_WARN_DIRECT_OBJC_ISA_USAGE = YES_ERROR;
				CLANG_WARN_DOCUMENTATION_COMMENTS = YES;
				CLANG_WARN_EMPTY_BODY = YES;
				CLANG_WARN_ENUM_CONVERSION = YES;
				CLANG_WARN_INFINITE_RECURSION = YES;
				CLANG_WARN_INT_CONVERSION = YES;
				CLANG_WARN_NON_LITERAL_NULL_CONVERSION = YES;
				CLANG_WARN_OBJC_IMPLICIT_RETAIN_SELF = YES;
				CLANG_WARN_OBJC_LITERAL_CONVERSION = YES;
				CLANG_WARN_OBJC_ROOT_CLASS = YES_ERROR;
				CLANG_WARN_RANGE_LOOP_ANALYSIS = YES;
				CLANG_WARN_STRICT_PROTOTYPES = YES;
				CLANG_WARN_SUSPICIOUS_MOVE = YES;
				CLANG_WARN_UNGUARDED_AVAILABILITY = YES_AGGRESSIVE;
				CLANG_WARN_UNREACHABLE_CODE = YES;
				CLANG_WARN__DUPLICATE_METHOD_MATCH = YES;
				CODE_SIGN_IDENTITY = "iPhone Developer";
				COPY_PHASE_STRIP = NO;
				DEBUG_INFORMATION_FORMAT = dwarf;
				ENABLE_STRICT_OBJC_MSGSEND = YES;
				ENABLE_TESTABILITY = YES;
				GCC_C_LANGUAGE_STANDARD = gnu11;
				GCC_DYNAMIC_NO_PIC = NO;
				GCC_NO_COMMON_BLOCKS = YES;
				GCC_OPTIMIZATION_LEVEL = 0;
				GCC_PREPROCESSOR_DEFINITIONS = (
					"DEBUG=1",
					"$(inherited)",
				);
				GCC_WARN_64_TO_32_BIT_CONVERSION = YES;
				GCC_WARN_ABOUT_RETURN_TYPE = YES_ERROR;
				GCC_WARN_UNDECLARED_SELECTOR = YES;
				GCC_WARN_UNINITIALIZED_AUTOS = YES_AGGRESSIVE;
				GCC_WARN_UNUSED_FUNCTION = YES;
				GCC_WARN_UNUSED_VARIABLE = YES;
				IPHONEOS_DEPLOYMENT_TARGET = 11.4;
				MTL_ENABLE_DEBUG_INFO = YES;
				ONLY_ACTIVE_ARCH = YES;
				SDKROOT = iphoneos;
				SWIFT_ACTIVE_COMPILATION_CONDITIONS = DEBUG;
				SWIFT_OPTIMIZATION_LEVEL = "-Onone";
			};
			name = Debug;
		};
		DA6662F7213D18A0000BAEB2 /* Release */ = {
			isa = XCBuildConfiguration;
			buildSettings = {
				ALWAYS_SEARCH_USER_PATHS = NO;
				CLANG_ANALYZER_NONNULL = YES;
				CLANG_ANALYZER_NUMBER_OBJECT_CONVERSION = YES_AGGRESSIVE;
				CLANG_CXX_LANGUAGE_STANDARD = "gnu++14";
				CLANG_CXX_LIBRARY = "libc++";
				CLANG_ENABLE_MODULES = YES;
				CLANG_ENABLE_OBJC_ARC = YES;
				CLANG_ENABLE_OBJC_WEAK = YES;
				CLANG_WARN_BLOCK_CAPTURE_AUTORELEASING = YES;
				CLANG_WARN_BOOL_CONVERSION = YES;
				CLANG_WARN_COMMA = YES;
				CLANG_WARN_CONSTANT_CONVERSION = YES;
				CLANG_WARN_DEPRECATED_OBJC_IMPLEMENTATIONS = YES;
				CLANG_WARN_DIRECT_OBJC_ISA_USAGE = YES_ERROR;
				CLANG_WARN_DOCUMENTATION_COMMENTS = YES;
				CLANG_WARN_EMPTY_BODY = YES;
				CLANG_WARN_ENUM_CONVERSION = YES;
				CLANG_WARN_INFINITE_RECURSION = YES;
				CLANG_WARN_INT_CONVERSION = YES;
				CLANG_WARN_NON_LITERAL_NULL_CONVERSION = YES;
				CLANG_WARN_OBJC_IMPLICIT_RETAIN_SELF = YES;
				CLANG_WARN_OBJC_LITERAL_CONVERSION = YES;
				CLANG_WARN_OBJC_ROOT_CLASS = YES_ERROR;
				CLANG_WARN_RANGE_LOOP_ANALYSIS = YES;
				CLANG_WARN_STRICT_PROTOTYPES = YES;
				CLANG_WARN_SUSPICIOUS_MOVE = YES;
				CLANG_WARN_UNGUARDED_AVAILABILITY = YES_AGGRESSIVE;
				CLANG_WARN_UNREACHABLE_CODE = YES;
				CLANG_WARN__DUPLICATE_METHOD_MATCH = YES;
				CODE_SIGN_IDENTITY = "iPhone Developer";
				COPY_PHASE_STRIP = NO;
				DEBUG_INFORMATION_FORMAT = "dwarf-with-dsym";
				ENABLE_NS_ASSERTIONS = NO;
				ENABLE_STRICT_OBJC_MSGSEND = YES;
				GCC_C_LANGUAGE_STANDARD = gnu11;
				GCC_NO_COMMON_BLOCKS = YES;
				GCC_WARN_64_TO_32_BIT_CONVERSION = YES;
				GCC_WARN_ABOUT_RETURN_TYPE = YES_ERROR;
				GCC_WARN_UNDECLARED_SELECTOR = YES;
				GCC_WARN_UNINITIALIZED_AUTOS = YES_AGGRESSIVE;
				GCC_WARN_UNUSED_FUNCTION = YES;
				GCC_WARN_UNUSED_VARIABLE = YES;
				IPHONEOS_DEPLOYMENT_TARGET = 11.4;
				MTL_ENABLE_DEBUG_INFO = NO;
				SDKROOT = iphoneos;
				SWIFT_COMPILATION_MODE = wholemodule;
				SWIFT_OPTIMIZATION_LEVEL = "-O";
				VALIDATE_PRODUCT = YES;
			};
			name = Release;
		};
		DA6662F9213D18A0000BAEB2 /* Debug */ = {
			isa = XCBuildConfiguration;
			buildSettings = {
				ASSETCATALOG_COMPILER_APPICON_NAME = AppIcon;
				CODE_SIGN_STYLE = Automatic;
				INFOPLIST_FILE = fix_demo_03/Info.plist;
				LD_RUNPATH_SEARCH_PATHS = (
					"$(inherited)",
					"@executable_path/Frameworks",
				);
				PRODUCT_BUNDLE_IDENTIFIER = "com.codepath.sfsu.fix-demo-03";
				PRODUCT_NAME = "$(TARGET_NAME)";
				SWIFT_VERSION = 4.0;
				TARGETED_DEVICE_FAMILY = "1,2";
			};
			name = Debug;
		};
		DA6662FA213D18A0000BAEB2 /* Release */ = {
			isa = XCBuildConfiguration;
			buildSettings = {
				ASSETCATALOG_COMPILER_APPICON_NAME = AppIcon;
				CODE_SIGN_STYLE = Automatic;
				INFOPLIST_FILE = fix_demo_03/Info.plist;
				LD_RUNPATH_SEARCH_PATHS = (
					"$(inherited)",
					"@executable_path/Frameworks",
				);
				PRODUCT_BUNDLE_IDENTIFIER = "com.codepath.sfsu.fix-demo-03";
				PRODUCT_NAME = "$(TARGET_NAME)";
				SWIFT_VERSION = 4.0;
				TARGETED_DEVICE_FAMILY = "1,2";
			};
			name = Release;
		};
		DA6662FC213D18A0000BAEB2 /* Debug */ = {
			isa = XCBuildConfiguration;
			buildSettings = {
				ALWAYS_EMBED_SWIFT_STANDARD_LIBRARIES = YES;
				BUNDLE_LOADER = "$(TEST_HOST)";
				CODE_SIGN_STYLE = Automatic;
				INFOPLIST_FILE = fix_demo_03Tests/Info.plist;
				LD_RUNPATH_SEARCH_PATHS = (
					"$(inherited)",
					"@executable_path/Frameworks",
					"@loader_path/Frameworks",
				);
				PRODUCT_BUNDLE_IDENTIFIER = "com.codepath.sfsu.fix-demo-03Tests";
				PRODUCT_NAME = "$(TARGET_NAME)";
				SWIFT_VERSION = 4.0;
				TARGETED_DEVICE_FAMILY = "1,2";
				TEST_HOST = "$(BUILT_PRODUCTS_DIR)/fix_demo_03.app/fix_demo_03";
			};
			name = Debug;
		};
		DA6662FD213D18A0000BAEB2 /* Release */ = {
			isa = XCBuildConfiguration;
			buildSettings = {
				ALWAYS_EMBED_SWIFT_STANDARD_LIBRARIES = YES;
				BUNDLE_LOADER = "$(TEST_HOST)";
				CODE_SIGN_STYLE = Automatic;
				INFOPLIST_FILE = fix_demo_03Tests/Info.plist;
				LD_RUNPATH_SEARCH_PATHS = (
					"$(inherited)",
					"@executable_path/Frameworks",
					"@loader_path/Frameworks",
				);
				PRODUCT_BUNDLE_IDENTIFIER = "com.codepath.sfsu.fix-demo-03Tests";
				PRODUCT_NAME = "$(TARGET_NAME)";
				SWIFT_VERSION = 4.0;
				TARGETED_DEVICE_FAMILY = "1,2";
				TEST_HOST = "$(BUILT_PRODUCTS_DIR)/fix_demo_03.app/fix_demo_03";
			};
			name = Release;
		};
		DA6662FF213D18A0000BAEB2 /* Debug */ = {
			isa = XCBuildConfiguration;
			buildSettings = {
				ALWAYS_EMBED_SWIFT_STANDARD_LIBRARIES = YES;
				CODE_SIGN_STYLE = Automatic;
				INFOPLIST_FILE = fix_demo_03UITests/Info.plist;
				LD_RUNPATH_SEARCH_PATHS = (
					"$(inherited)",
					"@executable_path/Frameworks",
					"@loader_path/Frameworks",
				);
				PRODUCT_BUNDLE_IDENTIFIER = "com.codepath.sfsu.fix-demo-03UITests";
				PRODUCT_NAME = "$(TARGET_NAME)";
				SWIFT_VERSION = 4.0;
				TARGETED_DEVICE_FAMILY = "1,2";
				TEST_TARGET_NAME = fix_demo_03;
			};
			name = Debug;
		};
		DA666300213D18A0000BAEB2 /* Release */ = {
			isa = XCBuildConfiguration;
			buildSettings = {
				ALWAYS_EMBED_SWIFT_STANDARD_LIBRARIES = YES;
				CODE_SIGN_STYLE = Automatic;
				INFOPLIST_FILE = fix_demo_03UITests/Info.plist;
				LD_RUNPATH_SEARCH_PATHS = (
					"$(inherited)",
					"@executable_path/Frameworks",
					"@loader_path/Frameworks",
				);
				PRODUCT_BUNDLE_IDENTIFIER = "com.codepath.sfsu.fix-demo-03UITests";
				PRODUCT_NAME = "$(TARGET_NAME)";
				SWIFT_VERSION = 4.0;
				TARGETED_DEVICE_FAMILY = "1,2";
				TEST_TARGET_NAME = fix_demo_03;
			};
			name = Release;
		};
/* End XCBuildConfiguration section */

/* Begin XCConfigurationList section */
		DA6662CB213D189F000BAEB2 /* Build configuration list for PBXProject "fix_demo_03" */ = {
			isa = XCConfigurationList;
			buildConfigurations = (
				DA6662F6213D18A0000BAEB2 /* Debug */,
				DA6662F7213D18A0000BAEB2 /* Release */,
			);
			defaultConfigurationIsVisible = 0;
			defaultConfigurationName = Release;
		};
		DA6662F8213D18A0000BAEB2 /* Build configuration list for PBXNativeTarget "fix_demo_03" */ = {
			isa = XCConfigurationList;
			buildConfigurations = (
				DA6662F9213D18A0000BAEB2 /* Debug */,
				DA6662FA213D18A0000BAEB2 /* Release */,
			);
			defaultConfigurationIsVisible = 0;
			defaultConfigurationName = Release;
		};
		DA6662FB213D18A0000BAEB2 /* Build configuration list for PBXNativeTarget "fix_demo_03Tests" */ = {
			isa = XCConfigurationList;
			buildConfigurations = (
				DA6662FC213D18A0000BAEB2 /* Debug */,
				DA6662FD213D18A0000BAEB2 /* Release */,
			);
			defaultConfigurationIsVisible = 0;
			defaultConfigurationName = Release;
		};
		DA6662FE213D18A0000BAEB2 /* Build configuration list for PBXNativeTarget "fix_demo_03UITests" */ = {
			isa = XCConfigurationList;
			buildConfigurations = (
				DA6662FF213D18A0000BAEB2 /* Debug */,
				DA666300213D18A0000BAEB2 /* Release */,
			);
			defaultConfigurationIsVisible = 0;
			defaultConfigurationName = Release;
		};
/* End XCConfigurationList section */
	};
	rootObject = DA6662C8213D189F000BAEB2 /* Project object */;
}
